
Microsoft Visual Studio Solution File, Format Version 12.00
# Visual Studio Version 17
VisualStudioVersion = 17.8.34322.80
MinimumVisualStudioVersion = 10.0.40219.1
Project("{9A19103F-16F7-4668-BE54-9A1E7A4F7556}") = "MyCalc", "windowsform\MyCalc.csproj", "{F4CF88A7-FFFD-4147-8790-9C44BEE8AFA0}"
EndProject
Global
	GlobalSection(SolutionConfigurationPlatforms) = preSolution
		Debug|Any CPU = Debug|Any CPU
		Release|Any CPU = Release|Any CPU
	EndGlobalSection
	GlobalSection(ProjectConfigurationPlatforms) = postSolution
		{F4CF88A7-FFFD-4147-8790-9C44BEE8AFA0}.Debug|Any CPU.ActiveCfg = Debug|Any CPU
		{F4CF88A7-FFFD-4147-8790-9C44BEE8AFA0}.Debug|Any CPU.Build.0 = Debug|Any CPU
		{F4CF88A7-FFFD-4147-8790-9C44BEE8AFA0}.Release|Any CPU.ActiveCfg = Release|Any CPU
		{F4CF88A7-FFFD-4147-8790-9C44BEE8AFA0}.Release|Any CPU.Build.0 = Release|Any CPU
	EndGlobalSection
	GlobalSection(SolutionProperties) = preSolution
		HideSolutionNode = FALSE
	EndGlobalSection
	GlobalSection(ExtensibilityGlobals) = postSolution
		SolutionGuid = {FD104076-D63C-4C4D-BFF8-683572B6E288}
	EndGlobalSection
EndGlobal
